// !$*UTF8*$!
{
	archiveVersion = 1;
	classes = {
	};
	objectVersion = 50;
	objects = {

/* Begin PBXBuildFile section */
		FD8DFE41215A6EDA0068FF54 /* AppDelegate.swift in Sources */ = {isa = PBXBuildFile; fileRef = FD8DFE40215A6EDA0068FF54 /* AppDelegate.swift */; };
		FD8DFE43215A6EDA0068FF54 /* GoalVC.swift in Sources */ = {isa = PBXBuildFile; fileRef = FD8DFE42215A6EDA0068FF54 /* GoalVC.swift */; };
		FD8DFE46215A6EDA0068FF54 /* Main.storyboard in Resources */ = {isa = PBXBuildFile; fileRef = FD8DFE44215A6EDA0068FF54 /* Main.storyboard */; };
		FD8DFE49215A6EDA0068FF54 /* GoalPost.xcdatamodeld in Sources */ = {isa = PBXBuildFile; fileRef = FD8DFE47215A6EDA0068FF54 /* GoalPost.xcdatamodeld */; };
		FD8DFE4B215A6EDC0068FF54 /* Assets.xcassets in Resources */ = {isa = PBXBuildFile; fileRef = FD8DFE4A215A6EDC0068FF54 /* Assets.xcassets */; };
		FD8DFE4E215A6EDC0068FF54 /* LaunchScreen.storyboard in Resources */ = {isa = PBXBuildFile; fileRef = FD8DFE4C215A6EDC0068FF54 /* LaunchScreen.storyboard */; };
		FD8DFE5A215A81C90068FF54 /* GoalCell.swift in Sources */ = {isa = PBXBuildFile; fileRef = FD8DFE59215A81C90068FF54 /* GoalCell.swift */; };
		FD8DFE5C215AA65A0068FF54 /* GoalType.swift in Sources */ = {isa = PBXBuildFile; fileRef = FD8DFE5B215AA65A0068FF54 /* GoalType.swift */; };
		FD8DFE5E215AB42D0068FF54 /* CreateGoalVC.swift in Sources */ = {isa = PBXBuildFile; fileRef = FD8DFE5D215AB42D0068FF54 /* CreateGoalVC.swift */; };
		FD8DFE60215B078F0068FF54 /* UIViewControllerExt.swift in Sources */ = {isa = PBXBuildFile; fileRef = FD8DFE5F215B078F0068FF54 /* UIViewControllerExt.swift */; };
		FD8DFE62215B0CE90068FF54 /* UIViewExt.swift in Sources */ = {isa = PBXBuildFile; fileRef = FD8DFE61215B0CE90068FF54 /* UIViewExt.swift */; };
		FD8DFE64215B12A40068FF54 /* UIButtonExt.swift in Sources */ = {isa = PBXBuildFile; fileRef = FD8DFE63215B12A40068FF54 /* UIButtonExt.swift */; };
		FD8DFE66215B18DE0068FF54 /* FinishGoalVC.swift in Sources */ = {isa = PBXBuildFile; fileRef = FD8DFE65215B18DE0068FF54 /* FinishGoalVC.swift */; };
/* End PBXBuildFile section */

/* Begin PBXFileReference section */
		FD8DFE3D215A6EDA0068FF54 /* GoalPost.app */ = {isa = PBXFileReference; explicitFileType = wrapper.application; includeInIndex = 0; path = GoalPost.app; sourceTree = BUILT_PRODUCTS_DIR; };
		FD8DFE40215A6EDA0068FF54 /* AppDelegate.swift */ = {isa = PBXFileReference; lastKnownFileType = sourcecode.swift; path = AppDelegate.swift; sourceTree = "<group>"; };
		FD8DFE42215A6EDA0068FF54 /* GoalVC.swift */ = {isa = PBXFileReference; lastKnownFileType = sourcecode.swift; path = GoalVC.swift; sourceTree = "<group>"; };
		FD8DFE45215A6EDA0068FF54 /* Base */ = {isa = PBXFileReference; lastKnownFileType = file.storyboard; name = Base; path = Base.lproj/Main.storyboard; sourceTree = "<group>"; };
		FD8DFE48215A6EDA0068FF54 /* GoalPost.xcdatamodel */ = {isa = PBXFileReference; lastKnownFileType = wrapper.xcdatamodel; path = GoalPost.xcdatamodel; sourceTree = "<group>"; };
		FD8DFE4A215A6EDC0068FF54 /* Assets.xcassets */ = {isa = PBXFileReference; lastKnownFileType = folder.assetcatalog; path = Assets.xcassets; sourceTree = "<group>"; };
		FD8DFE4D215A6EDC0068FF54 /* Base */ = {isa = PBXFileReference; lastKnownFileType = file.storyboard; name = Base; path = Base.lproj/LaunchScreen.storyboard; sourceTree = "<group>"; };
		FD8DFE4F215A6EDC0068FF54 /* Info.plist */ = {isa = PBXFileReference; lastKnownFileType = text.plist.xml; path = Info.plist; sourceTree = "<group>"; };
		FD8DFE59215A81C90068FF54 /* GoalCell.swift */ = {isa = PBXFileReference; lastKnownFileType = sourcecode.swift; path = GoalCell.swift; sourceTree = "<group>"; };
		FD8DFE5B215AA65A0068FF54 /* GoalType.swift */ = {isa = PBXFileReference; lastKnownFileType = sourcecode.swift; path = GoalType.swift; sourceTree = "<group>"; };
		FD8DFE5D215AB42D0068FF54 /* CreateGoalVC.swift */ = {isa = PBXFileReference; lastKnownFileType = sourcecode.swift; path = CreateGoalVC.swift; sourceTree = "<group>"; };
		FD8DFE5F215B078F0068FF54 /* UIViewControllerExt.swift */ = {isa = PBXFileReference; lastKnownFileType = sourcecode.swift; path = UIViewControllerExt.swift; sourceTree = "<group>"; };
		FD8DFE61215B0CE90068FF54 /* UIViewExt.swift */ = {isa = PBXFileReference; lastKnownFileType = sourcecode.swift; path = UIViewExt.swift; sourceTree = "<group>"; };
		FD8DFE63215B12A40068FF54 /* UIButtonExt.swift */ = {isa = PBXFileReference; lastKnownFileType = sourcecode.swift; path = UIButtonExt.swift; sourceTree = "<group>"; };
		FD8DFE65215B18DE0068FF54 /* FinishGoalVC.swift */ = {isa = PBXFileReference; lastKnownFileType = sourcecode.swift; path = FinishGoalVC.swift; sourceTree = "<group>"; };
/* End PBXFileReference section */

/* Begin PBXFrameworksBuildPhase section */
		FD8DFE3A215A6EDA0068FF54 /* Frameworks */ = {
			isa = PBXFrameworksBuildPhase;
			buildActionMask = 2147483647;
			files = (
			);
			runOnlyForDeploymentPostprocessing = 0;
		};
/* End PBXFrameworksBuildPhase section */

/* Begin PBXGroup section */
		FD8DFE34215A6EDA0068FF54 = {
			isa = PBXGroup;
			children = (
				FD8DFE3F215A6EDA0068FF54 /* GoalPost */,
				FD8DFE3E215A6EDA0068FF54 /* Products */,
			);
			sourceTree = "<group>";
		};
		FD8DFE3E215A6EDA0068FF54 /* Products */ = {
			isa = PBXGroup;
			children = (
				FD8DFE3D215A6EDA0068FF54 /* GoalPost.app */,
			);
			name = Products;
			sourceTree = "<group>";
		};
		FD8DFE3F215A6EDA0068FF54 /* GoalPost */ = {
			isa = PBXGroup;
			children = (
				FD8DFE58215A6F7E0068FF54 /* Extensions */,
				FD8DFE57215A6F720068FF54 /* Enums */,
				FD8DFE56215A6F660068FF54 /* View */,
				FD8DFE55215A6F580068FF54 /* Controller */,
				FD8DFE40215A6EDA0068FF54 /* AppDelegate.swift */,
				FD8DFE44215A6EDA0068FF54 /* Main.storyboard */,
				FD8DFE4A215A6EDC0068FF54 /* Assets.xcassets */,
				FD8DFE4C215A6EDC0068FF54 /* LaunchScreen.storyboard */,
				FD8DFE4F215A6EDC0068FF54 /* Info.plist */,
				FD8DFE47215A6EDA0068FF54 /* GoalPost.xcdatamodeld */,
			);
			path = GoalPost;
			sourceTree = "<group>";
		};
		FD8DFE55215A6F580068FF54 /* Controller */ = {
			isa = PBXGroup;
			children = (
				FD8DFE42215A6EDA0068FF54 /* GoalVC.swift */,
				FD8DFE5D215AB42D0068FF54 /* CreateGoalVC.swift */,
				FD8DFE65215B18DE0068FF54 /* FinishGoalVC.swift */,
			);
			path = Controller;
			sourceTree = "<group>";
		};
		FD8DFE56215A6F660068FF54 /* View */ = {
			isa = PBXGroup;
			children = (
				FD8DFE59215A81C90068FF54 /* GoalCell.swift */,
			);
			path = View;
			sourceTree = "<group>";
		};
		FD8DFE57215A6F720068FF54 /* Enums */ = {
			isa = PBXGroup;
			children = (
				FD8DFE5B215AA65A0068FF54 /* GoalType.swift */,
			);
			path = Enums;
			sourceTree = "<group>";
		};
		FD8DFE58215A6F7E0068FF54 /* Extensions */ = {
			isa = PBXGroup;
			children = (
				FD8DFE5F215B078F0068FF54 /* UIViewControllerExt.swift */,
				FD8DFE61215B0CE90068FF54 /* UIViewExt.swift */,
				FD8DFE63215B12A40068FF54 /* UIButtonExt.swift */,
			);
			path = Extensions;
			sourceTree = "<group>";
		};
/* End PBXGroup section */

/* Begin PBXNativeTarget section */
		FD8DFE3C215A6EDA0068FF54 /* GoalPost */ = {
			isa = PBXNativeTarget;
			buildConfigurationList = FD8DFE52215A6EDC0068FF54 /* Build configuration list for PBXNativeTarget "GoalPost" */;
			buildPhases = (
				FD8DFE39215A6EDA0068FF54 /* Sources */,
				FD8DFE3A215A6EDA0068FF54 /* Frameworks */,
				FD8DFE3B215A6EDA0068FF54 /* Resources */,
			);
			buildRules = (
			);
			dependencies = (
			);
			name = GoalPost;
			productName = GoalPost;
			productReference = FD8DFE3D215A6EDA0068FF54 /* GoalPost.app */;
			productType = "com.apple.product-type.application";
		};
/* End PBXNativeTarget section */

/* Begin PBXProject section */
		FD8DFE35215A6EDA0068FF54 /* Project object */ = {
			isa = PBXProject;
			attributes = {
				LastSwiftUpdateCheck = 0940;
				LastUpgradeCheck = 0940;
				ORGANIZATIONNAME = "MANAS VIJAYWARGIYA";
				TargetAttributes = {
					FD8DFE3C215A6EDA0068FF54 = {
						CreatedOnToolsVersion = 9.4.1;
					};
				};
			};
			buildConfigurationList = FD8DFE38215A6EDA0068FF54 /* Build configuration list for PBXProject "GoalPost" */;
			compatibilityVersion = "Xcode 9.3";
			developmentRegion = en;
			hasScannedForEncodings = 0;
			knownRegions = (
				en,
				Base,
			);
			mainGroup = FD8DFE34215A6EDA0068FF54;
			productRefGroup = FD8DFE3E215A6EDA0068FF54 /* Products */;
			projectDirPath = "";
			projectRoot = "";
			targets = (
				FD8DFE3C215A6EDA0068FF54 /* GoalPost */,
			);
		};
/* End PBXProject section */

/* Begin PBXResourcesBuildPhase section */
		FD8DFE3B215A6EDA0068FF54 /* Resources */ = {
			isa = PBXResourcesBuildPhase;
			buildActionMask = 2147483647;
			files = (
				FD8DFE4E215A6EDC0068FF54 /* LaunchScreen.storyboard in Resources */,
				FD8DFE4B215A6EDC0068FF54 /* Assets.xcassets in Resources */,
				FD8DFE46215A6EDA0068FF54 /* Main.storyboard in Resources */,
			);
			runOnlyForDeploymentPostprocessing = 0;
		};
/* End PBXResourcesBuildPhase section */

/* Begin PBXSourcesBuildPhase section */
		FD8DFE39215A6EDA0068FF54 /* Sources */ = {
			isa = PBXSourcesBuildPhase;
			buildActionMask = 2147483647;
			files = (
				FD8DFE5A215A81C90068FF54 /* GoalCell.swift in Sources */,
				FD8DFE5E215AB42D0068FF54 /* CreateGoalVC.swift in Sources */,
				FD8DFE5C215AA65A0068FF54 /* GoalType.swift in Sources */,
				FD8DFE43215A6EDA0068FF54 /* GoalVC.swift in Sources */,
				FD8DFE62215B0CE90068FF54 /* UIViewExt.swift in Sources */,
				FD8DFE41215A6EDA0068FF54 /* AppDelegate.swift in Sources */,
				FD8DFE60215B078F0068FF54 /* UIViewControllerExt.swift in Sources */,
				FD8DFE64215B12A40068FF54 /* UIButtonExt.swift in Sources */,
				FD8DFE66215B18DE0068FF54 /* FinishGoalVC.swift in Sources */,
				FD8DFE49215A6EDA0068FF54 /* GoalPost.xcdatamodeld in Sources */,
			);
			runOnlyForDeploymentPostprocessing = 0;
		};
/* End PBXSourcesBuildPhase section */

/* Begin PBXVariantGroup section */
		FD8DFE44215A6EDA0068FF54 /* Main.storyboard */ = {
			isa = PBXVariantGroup;
			children = (
				FD8DFE45215A6EDA0068FF54 /* Base */,
			);
			name = Main.storyboard;
			sourceTree = "<group>";
		};
		FD8DFE4C215A6EDC0068FF54 /* LaunchScreen.storyboard */ = {
			isa = PBXVariantGroup;
			children = (
				FD8DFE4D215A6EDC0068FF54 /* Base */,
			);
			name = LaunchScreen.storyboard;
			sourceTree = "<group>";
		};
/* End PBXVariantGroup section */

/* Begin XCBuildConfiguration section */
		FD8DFE50215A6EDC0068FF54 /* Debug */ = {
			isa = XCBuildConfiguration;
			buildSettings = {
				ALWAYS_SEARCH_USER_PATHS = NO;
				CLANG_ANALYZER_NONNULL = YES;
				CLANG_ANALYZER_NUMBER_OBJECT_CONVERSION = YES_AGGRESSIVE;
				CLANG_CXX_LANGUAGE_STANDARD = "gnu++14";
				CLANG_CXX_LIBRARY = "libc++";
				CLANG_ENABLE_MODULES = YES;
				CLANG_ENABLE_OBJC_ARC = YES;
				CLANG_ENABLE_OBJC_WEAK = YES;
				CLANG_WARN_BLOCK_CAPTURE_AUTORELEASING = YES;
				CLANG_WARN_BOOL_CONVERSION = YES;
				CLANG_WARN_COMMA = YES;
				CLANG_WARN_CONSTANT_CONVERSION = YES;
				CLANG_WARN_DEPRECATED_OBJC_IMPLEMENTATIONS = YES;
				CLANG_WARN_DIRECT_OBJC_ISA_USAGE = YES_ERROR;
				CLANG_WARN_DOCUMENTATION_COMMENTS = YES;
				CLANG_WARN_EMPTY_BODY = YES;
				CLANG_WARN_ENUM_CONVERSION = YES;
				CLANG_WARN_INFINITE_RECURSION = YES;
				CLANG_WARN_INT_CONVERSION = YES;
				CLANG_WARN_NON_LITERAL_NULL_CONVERSION = YES;
				CLANG_WARN_OBJC_IMPLICIT_RETAIN_SELF = YES;
				CLANG_WARN_OBJC_LITERAL_CONVERSION = YES;
				CLANG_WARN_OBJC_ROOT_CLASS = YES_ERROR;
				CLANG_WARN_RANGE_LOOP_ANALYSIS = YES;
				CLANG_WARN_STRICT_PROTOTYPES = YES;
				CLANG_WARN_SUSPICIOUS_MOVE = YES;
				CLANG_WARN_UNGUARDED_AVAILABILITY = YES_AGGRESSIVE;
				CLANG_WARN_UNREACHABLE_CODE = YES;
				CLANG_WARN__DUPLICATE_METHOD_MATCH = YES;
				CODE_SIGN_IDENTITY = "iPhone Developer";
				COPY_PHASE_STRIP = NO;
				DEBUG_INFORMATION_FORMAT = dwarf;
				ENABLE_STRICT_OBJC_MSGSEND = YES;
				ENABLE_TESTABILITY = YES;
				GCC_C_LANGUAGE_STANDARD = gnu11;
				GCC_DYNAMIC_NO_PIC = NO;
				GCC_NO_COMMON_BLOCKS = YES;
				GCC_OPTIMIZATION_LEVEL = 0;
				GCC_PREPROCESSOR_DEFINITIONS = (
					"DEBUG=1",
					"$(inherited)",
				);
				GCC_WARN_64_TO_32_BIT_CONVERSION = YES;
				GCC_WARN_ABOUT_RETURN_TYPE = YES_ERROR;
				GCC_WARN_UNDECLARED_SELECTOR = YES;
				GCC_WARN_UNINITIALIZED_AUTOS = YES_AGGRESSIVE;
				GCC_WARN_UNUSED_FUNCTION = YES;
				GCC_WARN_UNUSED_VARIABLE = YES;
				IPHONEOS_DEPLOYMENT_TARGET = 11.4;
				MTL_ENABLE_DEBUG_INFO = YES;
				ONLY_ACTIVE_ARCH = YES;
				SDKROOT = iphoneos;
				SWIFT_ACTIVE_COMPILATION_CONDITIONS = DEBUG;
				SWIFT_OPTIMIZATION_LEVEL = "-Onone";
			};
			name = Debug;
		};
		FD8DFE51215A6EDC0068FF54 /* Release */ = {
			isa = XCBuildConfiguration;
			buildSettings = {
				ALWAYS_SEARCH_USER_PATHS = NO;
				CLANG_ANALYZER_NONNULL = YES;
				CLANG_ANALYZER_NUMBER_OBJECT_CONVERSION = YES_AGGRESSIVE;
				CLANG_CXX_LANGUAGE_STANDARD = "gnu++14";
				CLANG_CXX_LIBRARY = "libc++";
				CLANG_ENABLE_MODULES = YES;
				CLANG_ENABLE_OBJC_ARC = YES;
				CLANG_ENABLE_OBJC_WEAK = YES;
				CLANG_WARN_BLOCK_CAPTURE_AUTORELEASING = YES;
				CLANG_WARN_BOOL_CONVERSION = YES;
				CLANG_WARN_COMMA = YES;
				CLANG_WARN_CONSTANT_CONVERSION = YES;
				CLANG_WARN_DEPRECATED_OBJC_IMPLEMENTATIONS = YES;
				CLANG_WARN_DIRECT_OBJC_ISA_USAGE = YES_ERROR;
				CLANG_WARN_DOCUMENTATION_COMMENTS = YES;
				CLANG_WARN_EMPTY_BODY = YES;
				CLANG_WARN_ENUM_CONVERSION = YES;
				CLANG_WARN_INFINITE_RECURSION = YES;
				CLANG_WARN_INT_CONVERSION = YES;
				CLANG_WARN_NON_LITERAL_NULL_CONVERSION = YES;
				CLANG_WARN_OBJC_IMPLICIT_RETAIN_SELF = YES;
				CLANG_WARN_OBJC_LITERAL_CONVERSION = YES;
				CLANG_WARN_OBJC_ROOT_CLASS = YES_ERROR;
				CLANG_WARN_RANGE_LOOP_ANALYSIS = YES;
				CLANG_WARN_STRICT_PROTOTYPES = YES;
				CLANG_WARN_SUSPICIOUS_MOVE = YES;
				CLANG_WARN_UNGUARDED_AVAILABILITY = YES_AGGRESSIVE;
				CLANG_WARN_UNREACHABLE_CODE = YES;
				CLANG_WARN__DUPLICATE_METHOD_MATCH = YES;
				CODE_SIGN_IDENTITY = "iPhone Developer";
				COPY_PHASE_STRIP = NO;
				DEBUG_INFORMATION_FORMAT = "dwarf-with-dsym";
				ENABLE_NS_ASSERTIONS = NO;
				ENABLE_STRICT_OBJC_MSGSEND = YES;
				GCC_C_LANGUAGE_STANDARD = gnu11;
				GCC_NO_COMMON_BLOCKS = YES;
				GCC_WARN_64_TO_32_BIT_CONVERSION = YES;
				GCC_WARN_ABOUT_RETURN_TYPE = YES_ERROR;
				GCC_WARN_UNDECLARED_SELECTOR = YES;
				GCC_WARN_UNINITIALIZED_AUTOS = YES_AGGRESSIVE;
				GCC_WARN_UNUSED_FUNCTION = YES;
				GCC_WARN_UNUSED_VARIABLE = YES;
				IPHONEOS_DEPLOYMENT_TARGET = 11.4;
				MTL_ENABLE_DEBUG_INFO = NO;
				SDKROOT = iphoneos;
				SWIFT_COMPILATION_MODE = wholemodule;
				SWIFT_OPTIMIZATION_LEVEL = "-O";
				VALIDATE_PRODUCT = YES;
			};
			name = Release;
		};
		FD8DFE53215A6EDC0068FF54 /* Debug */ = {
			isa = XCBuildConfiguration;
			buildSettings = {
				ASSETCATALOG_COMPILER_APPICON_NAME = AppIcon;
				CODE_SIGN_STYLE = Automatic;
				DEVELOPMENT_TEAM = XP6V4T4UU6;
				INFOPLIST_FILE = GoalPost/Info.plist;
				LD_RUNPATH_SEARCH_PATHS = (
					"$(inherited)",
					"@executable_path/Frameworks",
				);
				PRODUCT_BUNDLE_IDENTIFIER = com.universe.GoalPost;
				PRODUCT_NAME = "$(TARGET_NAME)";
				SWIFT_VERSION = 4.0;
				TARGETED_DEVICE_FAMILY = "1,2";
			};
			name = Debug;
		};
		FD8DFE54215A6EDC0068FF54 /* Release */ = {
			isa = XCBuildConfiguration;
			buildSettings = {
				ASSETCATALOG_COMPILER_APPICON_NAME = AppIcon;
				CODE_SIGN_STYLE = Automatic;
				DEVELOPMENT_TEAM = XP6V4T4UU6;
				INFOPLIST_FILE = GoalPost/Info.plist;
				LD_RUNPATH_SEARCH_PATHS = (
					"$(inherited)",
					"@executable_path/Frameworks",
				);
				PRODUCT_BUNDLE_IDENTIFIER = com.universe.GoalPost;
				PRODUCT_NAME = "$(TARGET_NAME)";
				SWIFT_VERSION = 4.0;
				TARGETED_DEVICE_FAMILY = "1,2";
			};
			name = Release;
		};
/* End XCBuildConfiguration section */

/* Begin XCConfigurationList section */
		FD8DFE38215A6EDA0068FF54 /* Build configuration list for PBXProject "GoalPost" */ = {
			isa = XCConfigurationList;
			buildConfigurations = (
				FD8DFE50215A6EDC0068FF54 /* Debug */,
				FD8DFE51215A6EDC0068FF54 /* Release */,
			);
			defaultConfigurationIsVisible = 0;
			defaultConfigurationName = Release;
		};
		FD8DFE52215A6EDC0068FF54 /* Build configuration list for PBXNativeTarget "GoalPost" */ = {
			isa = XCConfigurationList;
			buildConfigurations = (
				FD8DFE53215A6EDC0068FF54 /* Debug */,
				FD8DFE54215A6EDC0068FF54 /* Release */,
			);
			defaultConfigurationIsVisible = 0;
			defaultConfigurationName = Release;
		};
/* End XCConfigurationList section */

/* Begin XCVersionGroup section */
		FD8DFE47215A6EDA0068FF54 /* GoalPost.xcdatamodeld */ = {
			isa = XCVersionGroup;
			children = (
				FD8DFE48215A6EDA0068FF54 /* GoalPost.xcdatamodel */,
			);
			currentVersion = FD8DFE48215A6EDA0068FF54 /* GoalPost.xcdatamodel */;
			path = GoalPost.xcdatamodeld;
			sourceTree = "<group>";
			versionGroupType = wrapper.xcdatamodel;
		};
/* End XCVersionGroup section */
	};
	rootObject = FD8DFE35215A6EDA0068FF54 /* Project object */;
}
